
Microsoft Visual Studio Solution File, Format Version 12.00
# Visual Studio Version 17
VisualStudioVersion = 17.3.32811.315
MinimumVisualStudioVersion = 10.0.40219.1
Project("{FAE04EC0-301F-11D3-BF4B-00C04F79EFBC}") = "Array_max_min", "Array_max_min.csproj", "{3E521854-BCB5-4CED-A7E2-1F1B016AD08A}"
EndProject
Project("{FAE04EC0-301F-11D3-BF4B-00C04F79EFBC}") = "PowerRecursion", "..\PowerRecursion\PowerRecursion.csproj", "{1AF03F61-B48D-4C82-A4CA-F0E8F1957928}"
EndProject
Project("{FAE04EC0-301F-11D3-BF4B-00C04F79EFBC}") = "MagicBox", "..\MagicBox\MagicBox.csproj", "{696AB2BF-48CE-4345-9BA3-5D4BE3A3F69A}"
EndProject
Project("{FAE04EC0-301F-11D3-BF4B-00C04F79EFBC}") = "factorial recursion", "..\factorial recursion\factorial recursion.csproj", "{DD211407-7284-4B85-9A80-1475FB530F44}"
EndProject
Project("{FAE04EC0-301F-11D3-BF4B-00C04F79EFBC}") = "SWAP", "..\ConsoleApp2\SWAP.csproj", "{1C49912C-CBEF-4906-B905-9905FAB63AF0}"
EndProject
Project("{FAE04EC0-301F-11D3-BF4B-00C04F79EFBC}") = "ConsoleApp _Max_and_Min", "..\ConsoleApp _Max_and_Min\ConsoleApp _Max_and_Min.csproj", "{5E5219F8-C303-43EE-8A6B-AFDB2DB92825}"
EndProject
Project("{FAE04EC0-301F-11D3-BF4B-00C04F79EFBC}") = "2nd degree equation", "..\ConsoleApp1\2nd degree equation.csproj", "{59FD238E-4743-465E-9E83-44A1690CBE15}"
EndProject
Project("{FAE04EC0-301F-11D3-BF4B-00C04F79EFBC}") = "2D Array", "..\ConsoleApp3\2D Array.csproj", "{AF68C9EE-F1B0-4AC9-B6DE-DB8BEF786E72}"
EndProject
Project("{FAE04EC0-301F-11D3-BF4B-00C04F79EFBC}") = "Jagged Array", "..\Jagged Array\Jagged Array.csproj", "{082DDA84-C6D3-4754-86A5-642BB676F2E1}"
EndProject
Project("{FAE04EC0-301F-11D3-BF4B-00C04F79EFBC}") = "oop", "..\oop\oop.csproj", "{6081D5BD-259D-47F9-A545-060582FCAA45}"
EndProject
Project("{FAE04EC0-301F-11D3-BF4B-00C04F79EFBC}") = "OOP Task_2", "..\OOP Task_2\OOP Task_2.csproj", "{CDDCB9EE-45D0-4D79-9185-170E68DE7938}"
EndProject
Global
	GlobalSection(SolutionConfigurationPlatforms) = preSolution
		Debug|Any CPU = Debug|Any CPU
		Release|Any CPU = Release|Any CPU
	EndGlobalSection
	GlobalSection(ProjectConfigurationPlatforms) = postSolution
		{3E521854-BCB5-4CED-A7E2-1F1B016AD08A}.Debug|Any CPU.ActiveCfg = Debug|Any CPU
		{3E521854-BCB5-4CED-A7E2-1F1B016AD08A}.Debug|Any CPU.Build.0 = Debug|Any CPU
		{3E521854-BCB5-4CED-A7E2-1F1B016AD08A}.Release|Any CPU.ActiveCfg = Release|Any CPU
		{3E521854-BCB5-4CED-A7E2-1F1B016AD08A}.Release|Any CPU.Build.0 = Release|Any CPU
		{1AF03F61-B48D-4C82-A4CA-F0E8F1957928}.Debug|Any CPU.ActiveCfg = Debug|Any CPU
		{1AF03F61-B48D-4C82-A4CA-F0E8F1957928}.Debug|Any CPU.Build.0 = Debug|Any CPU
		{1AF03F61-B48D-4C82-A4CA-F0E8F1957928}.Release|Any CPU.ActiveCfg = Release|Any CPU
		{1AF03F61-B48D-4C82-A4CA-F0E8F1957928}.Release|Any CPU.Build.0 = Release|Any CPU
		{696AB2BF-48CE-4345-9BA3-5D4BE3A3F69A}.Debug|Any CPU.ActiveCfg = Debug|Any CPU
		{696AB2BF-48CE-4345-9BA3-5D4BE3A3F69A}.Debug|Any CPU.Build.0 = Debug|Any CPU
		{696AB2BF-48CE-4345-9BA3-5D4BE3A3F69A}.Release|Any CPU.ActiveCfg = Release|Any CPU
		{696AB2BF-48CE-4345-9BA3-5D4BE3A3F69A}.Release|Any CPU.Build.0 = Release|Any CPU
		{DD211407-7284-4B85-9A80-1475FB530F44}.Debug|Any CPU.ActiveCfg = Debug|Any CPU
		{DD211407-7284-4B85-9A80-1475FB530F44}.Debug|Any CPU.Build.0 = Debug|Any CPU
		{DD211407-7284-4B85-9A80-1475FB530F44}.Release|Any CPU.ActiveCfg = Release|Any CPU
		{DD211407-7284-4B85-9A80-1475FB530F44}.Release|Any CPU.Build.0 = Release|Any CPU
		{1C49912C-CBEF-4906-B905-9905FAB63AF0}.Debug|Any CPU.ActiveCfg = Debug|Any CPU
		{1C49912C-CBEF-4906-B905-9905FAB63AF0}.Debug|Any CPU.Build.0 = Debug|Any CPU
		{1C49912C-CBEF-4906-B905-9905FAB63AF0}.Release|Any CPU.ActiveCfg = Release|Any CPU
		{1C49912C-CBEF-4906-B905-9905FAB63AF0}.Release|Any CPU.Build.0 = Release|Any CPU
		{5E5219F8-C303-43EE-8A6B-AFDB2DB92825}.Debug|Any CPU.ActiveCfg = Debug|Any CPU
		{5E5219F8-C303-43EE-8A6B-AFDB2DB92825}.Debug|Any CPU.Build.0 = Debug|Any CPU
		{5E5219F8-C303-43EE-8A6B-AFDB2DB92825}.Release|Any CPU.ActiveCfg = Release|Any CPU
		{5E5219F8-C303-43EE-8A6B-AFDB2DB92825}.Release|Any CPU.Build.0 = Release|Any CPU
		{59FD238E-4743-465E-9E83-44A1690CBE15}.Debug|Any CPU.ActiveCfg = Debug|Any CPU
		{59FD238E-4743-465E-9E83-44A1690CBE15}.Debug|Any CPU.Build.0 = Debug|Any CPU
		{59FD238E-4743-465E-9E83-44A1690CBE15}.Release|Any CPU.ActiveCfg = Release|Any CPU
		{59FD238E-4743-465E-9E83-44A1690CBE15}.Release|Any CPU.Build.0 = Release|Any CPU
		{AF68C9EE-F1B0-4AC9-B6DE-DB8BEF786E72}.Debug|Any CPU.ActiveCfg = Debug|Any CPU
		{AF68C9EE-F1B0-4AC9-B6DE-DB8BEF786E72}.Debug|Any CPU.Build.0 = Debug|Any CPU
		{AF68C9EE-F1B0-4AC9-B6DE-DB8BEF786E72}.Release|Any CPU.ActiveCfg = Release|Any CPU
		{AF68C9EE-F1B0-4AC9-B6DE-DB8BEF786E72}.Release|Any CPU.Build.0 = Release|Any CPU
		{082DDA84-C6D3-4754-86A5-642BB676F2E1}.Debug|Any CPU.ActiveCfg = Debug|Any CPU
		{082DDA84-C6D3-4754-86A5-642BB676F2E1}.Debug|Any CPU.Build.0 = Debug|Any CPU
		{082DDA84-C6D3-4754-86A5-642BB676F2E1}.Release|Any CPU.ActiveCfg = Release|Any CPU
		{082DDA84-C6D3-4754-86A5-642BB676F2E1}.Release|Any CPU.Build.0 = Release|Any CPU
		{6081D5BD-259D-47F9-A545-060582FCAA45}.Debug|Any CPU.ActiveCfg = Debug|Any CPU
		{6081D5BD-259D-47F9-A545-060582FCAA45}.Debug|Any CPU.Build.0 = Debug|Any CPU
		{6081D5BD-259D-47F9-A545-060582FCAA45}.Release|Any CPU.ActiveCfg = Release|Any CPU
		{6081D5BD-259D-47F9-A545-060582FCAA45}.Release|Any CPU.Build.0 = Release|Any CPU
		{CDDCB9EE-45D0-4D79-9185-170E68DE7938}.Debug|Any CPU.ActiveCfg = Debug|Any CPU
		{CDDCB9EE-45D0-4D79-9185-170E68DE7938}.Debug|Any CPU.Build.0 = Debug|Any CPU
		{CDDCB9EE-45D0-4D79-9185-170E68DE7938}.Release|Any CPU.ActiveCfg = Release|Any CPU
		{CDDCB9EE-45D0-4D79-9185-170E68DE7938}.Release|Any CPU.Build.0 = Release|Any CPU
	EndGlobalSection
	GlobalSection(SolutionProperties) = preSolution
		HideSolutionNode = FALSE
	EndGlobalSection
	GlobalSection(ExtensibilityGlobals) = postSolution
		SolutionGuid = {F6BF654B-883B-4B18-851E-18B5E7EF96B2}
	EndGlobalSection
EndGlobal
